
Microsoft Visual Studio Solution File, Format Version 12.00
# Visual Studio Version 17
VisualStudioVersion = 17.8.34330.188
MinimumVisualStudioVersion = 10.0.40219.1
Project("{2150E333-8FDC-42A3-9474-1A3956D46DE8}") = "Services", "Services", "{67D9D121-2667-4B86-A8E6-2A731CC6B767}"
EndProject
Project("{2150E333-8FDC-42A3-9474-1A3956D46DE8}") = "Catalog", "Catalog", "{ADB031AC-2507-4B99-B8B3-33D8C74C5A0D}"
EndProject
Project("{9A19103F-16F7-4668-BE54-9A1E7A4F7556}") = "Catalog.API", "Services\Catalog\Catalog.API\Catalog.API.csproj", "{DAECFEB1-BF7A-4B09-9BC8-6ABEB444B42D}"
EndProject
Project("{E53339B2-1760-4266-BCC7-CA923CBCF16C}") = "docker-compose", "docker-compose.dcproj", "{331E0E4E-4FF0-4B83-A647-9A42CFCC8B48}"
EndProject
Project("{2150E333-8FDC-42A3-9474-1A3956D46DE8}") = "Basket", "Basket", "{6368FD39-D4ED-47C8-B2D6-3F4D2A1B9CA3}"
EndProject
Project("{9A19103F-16F7-4668-BE54-9A1E7A4F7556}") = "Basket.API", "Services\Basket\Basket.API\Basket.API.csproj", "{6786CC19-C688-4A9E-B403-F3EB4A70EFE7}"
EndProject
Project("{2150E333-8FDC-42A3-9474-1A3956D46DE8}") = "Discount", "Discount", "{890C7F98-C556-4712-B406-EAA56F868E42}"
EndProject
Project("{FAE04EC0-301F-11D3-BF4B-00C04F79EFBC}") = "Discount.API", "Services\Discount\Discount.API\Discount.API.csproj", "{07C0EA7F-FA42-40B6-9CAF-BB3BEBBA46DC}"
EndProject
Global
	GlobalSection(SolutionConfigurationPlatforms) = preSolution
		Debug|Any CPU = Debug|Any CPU
		Release|Any CPU = Release|Any CPU
	EndGlobalSection
	GlobalSection(ProjectConfigurationPlatforms) = postSolution
		{DAECFEB1-BF7A-4B09-9BC8-6ABEB444B42D}.Debug|Any CPU.ActiveCfg = Debug|Any CPU
		{DAECFEB1-BF7A-4B09-9BC8-6ABEB444B42D}.Debug|Any CPU.Build.0 = Debug|Any CPU
		{DAECFEB1-BF7A-4B09-9BC8-6ABEB444B42D}.Release|Any CPU.ActiveCfg = Release|Any CPU
		{DAECFEB1-BF7A-4B09-9BC8-6ABEB444B42D}.Release|Any CPU.Build.0 = Release|Any CPU
		{331E0E4E-4FF0-4B83-A647-9A42CFCC8B48}.Debug|Any CPU.ActiveCfg = Debug|Any CPU
		{331E0E4E-4FF0-4B83-A647-9A42CFCC8B48}.Debug|Any CPU.Build.0 = Debug|Any CPU
		{331E0E4E-4FF0-4B83-A647-9A42CFCC8B48}.Release|Any CPU.ActiveCfg = Release|Any CPU
		{331E0E4E-4FF0-4B83-A647-9A42CFCC8B48}.Release|Any CPU.Build.0 = Release|Any CPU
		{6786CC19-C688-4A9E-B403-F3EB4A70EFE7}.Debug|Any CPU.ActiveCfg = Debug|Any CPU
		{6786CC19-C688-4A9E-B403-F3EB4A70EFE7}.Debug|Any CPU.Build.0 = Debug|Any CPU
		{6786CC19-C688-4A9E-B403-F3EB4A70EFE7}.Release|Any CPU.ActiveCfg = Release|Any CPU
		{6786CC19-C688-4A9E-B403-F3EB4A70EFE7}.Release|Any CPU.Build.0 = Release|Any CPU
		{07C0EA7F-FA42-40B6-9CAF-BB3BEBBA46DC}.Debug|Any CPU.ActiveCfg = Debug|Any CPU
		{07C0EA7F-FA42-40B6-9CAF-BB3BEBBA46DC}.Debug|Any CPU.Build.0 = Debug|Any CPU
		{07C0EA7F-FA42-40B6-9CAF-BB3BEBBA46DC}.Release|Any CPU.ActiveCfg = Release|Any CPU
		{07C0EA7F-FA42-40B6-9CAF-BB3BEBBA46DC}.Release|Any CPU.Build.0 = Release|Any CPU
	EndGlobalSection
	GlobalSection(SolutionProperties) = preSolution
		HideSolutionNode = FALSE
	EndGlobalSection
	GlobalSection(NestedProjects) = preSolution
		{ADB031AC-2507-4B99-B8B3-33D8C74C5A0D} = {67D9D121-2667-4B86-A8E6-2A731CC6B767}
		{DAECFEB1-BF7A-4B09-9BC8-6ABEB444B42D} = {ADB031AC-2507-4B99-B8B3-33D8C74C5A0D}
		{6368FD39-D4ED-47C8-B2D6-3F4D2A1B9CA3} = {67D9D121-2667-4B86-A8E6-2A731CC6B767}
		{6786CC19-C688-4A9E-B403-F3EB4A70EFE7} = {6368FD39-D4ED-47C8-B2D6-3F4D2A1B9CA3}
		{890C7F98-C556-4712-B406-EAA56F868E42} = {67D9D121-2667-4B86-A8E6-2A731CC6B767}
		{07C0EA7F-FA42-40B6-9CAF-BB3BEBBA46DC} = {890C7F98-C556-4712-B406-EAA56F868E42}
	EndGlobalSection
	GlobalSection(ExtensibilityGlobals) = postSolution
		SolutionGuid = {223B87CD-837A-4531-9167-09BC76D0E467}
	EndGlobalSection
EndGlobal
